// !$*UTF8*$!
{
	archiveVersion = 1;
	classes = {
	};
	objectVersion = 46;
	objects = {

/* Begin PBXBuildFile section */
		00CC1628208B658A00A9CB2D /* AppDelegate.swift in Sources */ = {isa = PBXBuildFile; fileRef = 00CC1627208B658A00A9CB2D /* AppDelegate.swift */; };
		00CC162A208B658A00A9CB2D /* ViewController.swift in Sources */ = {isa = PBXBuildFile; fileRef = 00CC1629208B658A00A9CB2D /* ViewController.swift */; };
		00CC162D208B658A00A9CB2D /* Main.storyboard in Resources */ = {isa = PBXBuildFile; fileRef = 00CC162B208B658A00A9CB2D /* Main.storyboard */; };
		00CC162F208B658A00A9CB2D /* Assets.xcassets in Resources */ = {isa = PBXBuildFile; fileRef = 00CC162E208B658A00A9CB2D /* Assets.xcassets */; };
		00CC1632208B658A00A9CB2D /* LaunchScreen.storyboard in Resources */ = {isa = PBXBuildFile; fileRef = 00CC1630208B658A00A9CB2D /* LaunchScreen.storyboard */; };
/* End PBXBuildFile section */

/* Begin PBXFileReference section */
		00CC1624208B658A00A9CB2D /* segment.app */ = {isa = PBXFileReference; explicitFileType = wrapper.application; includeInIndex = 0; path = segment.app; sourceTree = BUILT_PRODUCTS_DIR; };
		00CC1627208B658A00A9CB2D /* AppDelegate.swift */ = {isa = PBXFileReference; lastKnownFileType = sourcecode.swift; path = AppDelegate.swift; sourceTree = "<group>"; };
		00CC1629208B658A00A9CB2D /* ViewController.swift */ = {isa = PBXFileReference; lastKnownFileType = sourcecode.swift; path = ViewController.swift; sourceTree = "<group>"; };
		00CC162C208B658A00A9CB2D /* Base */ = {isa = PBXFileReference; lastKnownFileType = file.storyboard; name = Base; path = Base.lproj/Main.storyboard; sourceTree = "<group>"; };
		00CC162E208B658A00A9CB2D /* Assets.xcassets */ = {isa = PBXFileReference; lastKnownFileType = folder.assetcatalog; path = Assets.xcassets; sourceTree = "<group>"; };
		00CC1631208B658A00A9CB2D /* Base */ = {isa = PBXFileReference; lastKnownFileType = file.storyboard; name = Base; path = Base.lproj/LaunchScreen.storyboard; sourceTree = "<group>"; };
		00CC1633208B658A00A9CB2D /* Info.plist */ = {isa = PBXFileReference; lastKnownFileType = text.plist.xml; path = Info.plist; sourceTree = "<group>"; };
/* End PBXFileReference section */

/* Begin PBXFrameworksBuildPhase section */
		00CC1621208B658A00A9CB2D /* Frameworks */ = {
			isa = PBXFrameworksBuildPhase;
			buildActionMask = 2147483647;
			files = (
			);
			runOnlyForDeploymentPostprocessing = 0;
		};
/* End PBXFrameworksBuildPhase section */

/* Begin PBXGroup section */
		00CC161B208B658A00A9CB2D = {
			isa = PBXGroup;
			children = (
				00CC1626208B658A00A9CB2D /* segment */,
				00CC1625208B658A00A9CB2D /* Products */,
			);
			sourceTree = "<group>";
		};
		00CC1625208B658A00A9CB2D /* Products */ = {
			isa = PBXGroup;
			children = (
				00CC1624208B658A00A9CB2D /* segment.app */,
			);
			name = Products;
			sourceTree = "<group>";
		};
		00CC1626208B658A00A9CB2D /* segment */ = {
			isa = PBXGroup;
			children = (
				00CC1627208B658A00A9CB2D /* AppDelegate.swift */,
				00CC1629208B658A00A9CB2D /* ViewController.swift */,
				00CC162B208B658A00A9CB2D /* Main.storyboard */,
				00CC162E208B658A00A9CB2D /* Assets.xcassets */,
				00CC1630208B658A00A9CB2D /* LaunchScreen.storyboard */,
				00CC1633208B658A00A9CB2D /* Info.plist */,
			);
			path = segment;
			sourceTree = "<group>";
		};
/* End PBXGroup section */

/* Begin PBXNativeTarget section */
		00CC1623208B658A00A9CB2D /* segment */ = {
			isa = PBXNativeTarget;
			buildConfigurationList = 00CC1636208B658A00A9CB2D /* Build configuration list for PBXNativeTarget "segment" */;
			buildPhases = (
				00CC1620208B658A00A9CB2D /* Sources */,
				00CC1621208B658A00A9CB2D /* Frameworks */,
				00CC1622208B658A00A9CB2D /* Resources */,
			);
			buildRules = (
			);
			dependencies = (
			);
			name = segment;
			productName = segment;
			productReference = 00CC1624208B658A00A9CB2D /* segment.app */;
			productType = "com.apple.product-type.application";
		};
/* End PBXNativeTarget section */

/* Begin PBXProject section */
		00CC161C208B658A00A9CB2D /* Project object */ = {
			isa = PBXProject;
			attributes = {
				LastSwiftUpdateCheck = 0830;
				LastUpgradeCheck = 0830;
				ORGANIZATIONNAME = "Amritha Manoharan";
				TargetAttributes = {
					00CC1623208B658A00A9CB2D = {
						CreatedOnToolsVersion = 8.3;
						ProvisioningStyle = Automatic;
					};
				};
			};
			buildConfigurationList = 00CC161F208B658A00A9CB2D /* Build configuration list for PBXProject "segment" */;
			compatibilityVersion = "Xcode 3.2";
			developmentRegion = English;
			hasScannedForEncodings = 0;
			knownRegions = (
				en,
				Base,
			);
			mainGroup = 00CC161B208B658A00A9CB2D;
			productRefGroup = 00CC1625208B658A00A9CB2D /* Products */;
			projectDirPath = "";
			projectRoot = "";
			targets = (
				00CC1623208B658A00A9CB2D /* segment */,
			);
		};
/* End PBXProject section */

/* Begin PBXResourcesBuildPhase section */
		00CC1622208B658A00A9CB2D /* Resources */ = {
			isa = PBXResourcesBuildPhase;
			buildActionMask = 2147483647;
			files = (
				00CC1632208B658A00A9CB2D /* LaunchScreen.storyboard in Resources */,
				00CC162F208B658A00A9CB2D /* Assets.xcassets in Resources */,
				00CC162D208B658A00A9CB2D /* Main.storyboard in Resources */,
			);
			runOnlyForDeploymentPostprocessing = 0;
		};
/* End PBXResourcesBuildPhase section */

/* Begin PBXSourcesBuildPhase section */
		00CC1620208B658A00A9CB2D /* Sources */ = {
			isa = PBXSourcesBuildPhase;
			buildActionMask = 2147483647;
			files = (
				00CC162A208B658A00A9CB2D /* ViewController.swift in Sources */,
				00CC1628208B658A00A9CB2D /* AppDelegate.swift in Sources */,
			);
			runOnlyForDeploymentPostprocessing = 0;
		};
/* End PBXSourcesBuildPhase section */

/* Begin PBXVariantGroup section */
		00CC162B208B658A00A9CB2D /* Main.storyboard */ = {
			isa = PBXVariantGroup;
			children = (
				00CC162C208B658A00A9CB2D /* Base */,
			);
			name = Main.storyboard;
			sourceTree = "<group>";
		};
		00CC1630208B658A00A9CB2D /* LaunchScreen.storyboard */ = {
			isa = PBXVariantGroup;
			children = (
				00CC1631208B658A00A9CB2D /* Base */,
			);
			name = LaunchScreen.storyboard;
			sourceTree = "<group>";
		};
/* End PBXVariantGroup section */

/* Begin XCBuildConfiguration section */
		00CC1634208B658A00A9CB2D /* Debug */ = {
			isa = XCBuildConfiguration;
			buildSettings = {
				ALWAYS_SEARCH_USER_PATHS = NO;
				CLANG_ANALYZER_NONNULL = YES;
				CLANG_ANALYZER_NUMBER_OBJECT_CONVERSION = YES_AGGRESSIVE;
				CLANG_CXX_LANGUAGE_STANDARD = "gnu++0x";
				CLANG_CXX_LIBRARY = "libc++";
				CLANG_ENABLE_MODULES = YES;
				CLANG_ENABLE_OBJC_ARC = YES;
				CLANG_WARN_BOOL_CONVERSION = YES;
				CLANG_WARN_CONSTANT_CONVERSION = YES;
				CLANG_WARN_DIRECT_OBJC_ISA_USAGE = YES_ERROR;
				CLANG_WARN_DOCUMENTATION_COMMENTS = YES;
				CLANG_WARN_EMPTY_BODY = YES;
				CLANG_WARN_ENUM_CONVERSION = YES;
				CLANG_WARN_INFINITE_RECURSION = YES;
				CLANG_WARN_INT_CONVERSION = YES;
				CLANG_WARN_OBJC_ROOT_CLASS = YES_ERROR;
				CLANG_WARN_SUSPICIOUS_MOVE = YES;
				CLANG_WARN_UNREACHABLE_CODE = YES;
				CLANG_WARN__DUPLICATE_METHOD_MATCH = YES;
				"CODE_SIGN_IDENTITY[sdk=iphoneos*]" = "iPhone Developer";
				COPY_PHASE_STRIP = NO;
				DEBUG_INFORMATION_FORMAT = dwarf;
				ENABLE_STRICT_OBJC_MSGSEND = YES;
				ENABLE_TESTABILITY = YES;
				GCC_C_LANGUAGE_STANDARD = gnu99;
				GCC_DYNAMIC_NO_PIC = NO;
				GCC_NO_COMMON_BLOCKS = YES;
				GCC_OPTIMIZATION_LEVEL = 0;
				GCC_PREPROCESSOR_DEFINITIONS = (
					"DEBUG=1",
					"$(inherited)",
				);
				GCC_WARN_64_TO_32_BIT_CONVERSION = YES;
				GCC_WARN_ABOUT_RETURN_TYPE = YES_ERROR;
				GCC_WARN_UNDECLARED_SELECTOR = YES;
				GCC_WARN_UNINITIALIZED_AUTOS = YES_AGGRESSIVE;
				GCC_WARN_UNUSED_FUNCTION = YES;
				GCC_WARN_UNUSED_VARIABLE = YES;
				IPHONEOS_DEPLOYMENT_TARGET = 10.3;
				MTL_ENABLE_DEBUG_INFO = YES;
				ONLY_ACTIVE_ARCH = YES;
				SDKROOT = iphoneos;
				SWIFT_ACTIVE_COMPILATION_CONDITIONS = DEBUG;
				SWIFT_OPTIMIZATION_LEVEL = "-Onone";
				TARGETED_DEVICE_FAMILY = "1,2";
			};
			name = Debug;
		};
		00CC1635208B658A00A9CB2D /* Release */ = {
			isa = XCBuildConfiguration;
			buildSettings = {
				ALWAYS_SEARCH_USER_PATHS = NO;
				CLANG_ANALYZER_NONNULL = YES;
				CLANG_ANALYZER_NUMBER_OBJECT_CONVERSION = YES_AGGRESSIVE;
				CLANG_CXX_LANGUAGE_STANDARD = "gnu++0x";
				CLANG_CXX_LIBRARY = "libc++";
				CLANG_ENABLE_MODULES = YES;
				CLANG_ENABLE_OBJC_ARC = YES;
				CLANG_WARN_BOOL_CONVERSION = YES;
				CLANG_WARN_CONSTANT_CONVERSION = YES;
				CLANG_WARN_DIRECT_OBJC_ISA_USAGE = YES_ERROR;
				CLANG_WARN_DOCUMENTATION_COMMENTS = YES;
				CLANG_WARN_EMPTY_BODY = YES;
				CLANG_WARN_ENUM_CONVERSION = YES;
				CLANG_WARN_INFINITE_RECURSION = YES;
				CLANG_WARN_INT_CONVERSION = YES;
				CLANG_WARN_OBJC_ROOT_CLASS = YES_ERROR;
				CLANG_WARN_SUSPICIOUS_MOVE = YES;
				CLANG_WARN_UNREACHABLE_CODE = YES;
				CLANG_WARN__DUPLICATE_METHOD_MATCH = YES;
				"CODE_SIGN_IDENTITY[sdk=iphoneos*]" = "iPhone Developer";
				COPY_PHASE_STRIP = NO;
				DEBUG_INFORMATION_FORMAT = "dwarf-with-dsym";
				ENABLE_NS_ASSERTIONS = NO;
				ENABLE_STRICT_OBJC_MSGSEND = YES;
				GCC_C_LANGUAGE_STANDARD = gnu99;
				GCC_NO_COMMON_BLOCKS = YES;
				GCC_WARN_64_TO_32_BIT_CONVERSION = YES;
				GCC_WARN_ABOUT_RETURN_TYPE = YES_ERROR;
				GCC_WARN_UNDECLARED_SELECTOR = YES;
				GCC_WARN_UNINITIALIZED_AUTOS = YES_AGGRESSIVE;
				GCC_WARN_UNUSED_FUNCTION = YES;
				GCC_WARN_UNUSED_VARIABLE = YES;
				IPHONEOS_DEPLOYMENT_TARGET = 10.3;
				MTL_ENABLE_DEBUG_INFO = NO;
				SDKROOT = iphoneos;
				SWIFT_OPTIMIZATION_LEVEL = "-Owholemodule";
				TARGETED_DEVICE_FAMILY = "1,2";
				VALIDATE_PRODUCT = YES;
			};
			name = Release;
		};
		00CC1637208B658A00A9CB2D /* Debug */ = {
			isa = XCBuildConfiguration;
			buildSettings = {
				ASSETCATALOG_COMPILER_APPICON_NAME = AppIcon;
				INFOPLIST_FILE = segment/Info.plist;
				LD_RUNPATH_SEARCH_PATHS = "$(inherited) @executable_path/Frameworks";
				PRODUCT_BUNDLE_IDENTIFIER = com.xyz.segment;
				PRODUCT_NAME = "$(TARGET_NAME)";
				SWIFT_VERSION = 3.0;
			};
			name = Debug;
		};
		00CC1638208B658A00A9CB2D /* Release */ = {
			isa = XCBuildConfiguration;
			buildSettings = {
				ASSETCATALOG_COMPILER_APPICON_NAME = AppIcon;
				INFOPLIST_FILE = segment/Info.plist;
				LD_RUNPATH_SEARCH_PATHS = "$(inherited) @executable_path/Frameworks";
				PRODUCT_BUNDLE_IDENTIFIER = com.xyz.segment;
				PRODUCT_NAME = "$(TARGET_NAME)";
				SWIFT_VERSION = 3.0;
			};
			name = Release;
		};
/* End XCBuildConfiguration section */

/* Begin XCConfigurationList section */
		00CC161F208B658A00A9CB2D /* Build configuration list for PBXProject "segment" */ = {
			isa = XCConfigurationList;
			buildConfigurations = (
				00CC1634208B658A00A9CB2D /* Debug */,
				00CC1635208B658A00A9CB2D /* Release */,
			);
			defaultConfigurationIsVisible = 0;
			defaultConfigurationName = Release;
		};
		00CC1636208B658A00A9CB2D /* Build configuration list for PBXNativeTarget "segment" */ = {
			isa = XCConfigurationList;
			buildConfigurations = (
				00CC1637208B658A00A9CB2D /* Debug */,
				00CC1638208B658A00A9CB2D /* Release */,
			);
			defaultConfigurationIsVisible = 0;
		};
/* End XCConfigurationList section */
	};
	rootObject = 00CC161C208B658A00A9CB2D /* Project object */;
}
