// !$*UTF8*$!
{
	archiveVersion = 1;
	classes = {
	};
	objectVersion = 46;
	objects = {

/* Begin PBXBuildFile section */
		00F425E8209EAE49000B3155 /* AppDelegate.swift in Sources */ = {isa = PBXBuildFile; fileRef = 00F425E7209EAE49000B3155 /* AppDelegate.swift */; };
		00F425EA209EAE49000B3155 /* ViewController.swift in Sources */ = {isa = PBXBuildFile; fileRef = 00F425E9209EAE49000B3155 /* ViewController.swift */; };
		00F425ED209EAE49000B3155 /* Main.storyboard in Resources */ = {isa = PBXBuildFile; fileRef = 00F425EB209EAE49000B3155 /* Main.storyboard */; };
		00F425EF209EAE49000B3155 /* Assets.xcassets in Resources */ = {isa = PBXBuildFile; fileRef = 00F425EE209EAE49000B3155 /* Assets.xcassets */; };
		00F425F2209EAE49000B3155 /* LaunchScreen.storyboard in Resources */ = {isa = PBXBuildFile; fileRef = 00F425F0209EAE49000B3155 /* LaunchScreen.storyboard */; };
/* End PBXBuildFile section */

/* Begin PBXFileReference section */
		00F425E4209EAE49000B3155 /* av.app */ = {isa = PBXFileReference; explicitFileType = wrapper.application; includeInIndex = 0; path = av.app; sourceTree = BUILT_PRODUCTS_DIR; };
		00F425E7209EAE49000B3155 /* AppDelegate.swift */ = {isa = PBXFileReference; lastKnownFileType = sourcecode.swift; path = AppDelegate.swift; sourceTree = "<group>"; };
		00F425E9209EAE49000B3155 /* ViewController.swift */ = {isa = PBXFileReference; lastKnownFileType = sourcecode.swift; path = ViewController.swift; sourceTree = "<group>"; };
		00F425EC209EAE49000B3155 /* Base */ = {isa = PBXFileReference; lastKnownFileType = file.storyboard; name = Base; path = Base.lproj/Main.storyboard; sourceTree = "<group>"; };
		00F425EE209EAE49000B3155 /* Assets.xcassets */ = {isa = PBXFileReference; lastKnownFileType = folder.assetcatalog; path = Assets.xcassets; sourceTree = "<group>"; };
		00F425F1209EAE49000B3155 /* Base */ = {isa = PBXFileReference; lastKnownFileType = file.storyboard; name = Base; path = Base.lproj/LaunchScreen.storyboard; sourceTree = "<group>"; };
		00F425F3209EAE49000B3155 /* Info.plist */ = {isa = PBXFileReference; lastKnownFileType = text.plist.xml; path = Info.plist; sourceTree = "<group>"; };
/* End PBXFileReference section */

/* Begin PBXFrameworksBuildPhase section */
		00F425E1209EAE49000B3155 /* Frameworks */ = {
			isa = PBXFrameworksBuildPhase;
			buildActionMask = 2147483647;
			files = (
			);
			runOnlyForDeploymentPostprocessing = 0;
		};
/* End PBXFrameworksBuildPhase section */

/* Begin PBXGroup section */
		00F425DB209EAE49000B3155 = {
			isa = PBXGroup;
			children = (
				00F425E6209EAE49000B3155 /* av */,
				00F425E5209EAE49000B3155 /* Products */,
			);
			sourceTree = "<group>";
		};
		00F425E5209EAE49000B3155 /* Products */ = {
			isa = PBXGroup;
			children = (
				00F425E4209EAE49000B3155 /* av.app */,
			);
			name = Products;
			sourceTree = "<group>";
		};
		00F425E6209EAE49000B3155 /* av */ = {
			isa = PBXGroup;
			children = (
				00F425E7209EAE49000B3155 /* AppDelegate.swift */,
				00F425E9209EAE49000B3155 /* ViewController.swift */,
				00F425EB209EAE49000B3155 /* Main.storyboard */,
				00F425EE209EAE49000B3155 /* Assets.xcassets */,
				00F425F0209EAE49000B3155 /* LaunchScreen.storyboard */,
				00F425F3209EAE49000B3155 /* Info.plist */,
			);
			path = av;
			sourceTree = "<group>";
		};
/* End PBXGroup section */

/* Begin PBXNativeTarget section */
		00F425E3209EAE49000B3155 /* av */ = {
			isa = PBXNativeTarget;
			buildConfigurationList = 00F425F6209EAE49000B3155 /* Build configuration list for PBXNativeTarget "av" */;
			buildPhases = (
				00F425E0209EAE49000B3155 /* Sources */,
				00F425E1209EAE49000B3155 /* Frameworks */,
				00F425E2209EAE49000B3155 /* Resources */,
			);
			buildRules = (
			);
			dependencies = (
			);
			name = av;
			productName = av;
			productReference = 00F425E4209EAE49000B3155 /* av.app */;
			productType = "com.apple.product-type.application";
		};
/* End PBXNativeTarget section */

/* Begin PBXProject section */
		00F425DC209EAE49000B3155 /* Project object */ = {
			isa = PBXProject;
			attributes = {
				LastSwiftUpdateCheck = 0830;
				LastUpgradeCheck = 0830;
				ORGANIZATIONNAME = "Amritha Manoharan";
				TargetAttributes = {
					00F425E3209EAE49000B3155 = {
						CreatedOnToolsVersion = 8.3;
						ProvisioningStyle = Automatic;
					};
				};
			};
			buildConfigurationList = 00F425DF209EAE49000B3155 /* Build configuration list for PBXProject "av" */;
			compatibilityVersion = "Xcode 3.2";
			developmentRegion = English;
			hasScannedForEncodings = 0;
			knownRegions = (
				en,
				Base,
			);
			mainGroup = 00F425DB209EAE49000B3155;
			productRefGroup = 00F425E5209EAE49000B3155 /* Products */;
			projectDirPath = "";
			projectRoot = "";
			targets = (
				00F425E3209EAE49000B3155 /* av */,
			);
		};
/* End PBXProject section */

/* Begin PBXResourcesBuildPhase section */
		00F425E2209EAE49000B3155 /* Resources */ = {
			isa = PBXResourcesBuildPhase;
			buildActionMask = 2147483647;
			files = (
				00F425F2209EAE49000B3155 /* LaunchScreen.storyboard in Resources */,
				00F425EF209EAE49000B3155 /* Assets.xcassets in Resources */,
				00F425ED209EAE49000B3155 /* Main.storyboard in Resources */,
			);
			runOnlyForDeploymentPostprocessing = 0;
		};
/* End PBXResourcesBuildPhase section */

/* Begin PBXSourcesBuildPhase section */
		00F425E0209EAE49000B3155 /* Sources */ = {
			isa = PBXSourcesBuildPhase;
			buildActionMask = 2147483647;
			files = (
				00F425EA209EAE49000B3155 /* ViewController.swift in Sources */,
				00F425E8209EAE49000B3155 /* AppDelegate.swift in Sources */,
			);
			runOnlyForDeploymentPostprocessing = 0;
		};
/* End PBXSourcesBuildPhase section */

/* Begin PBXVariantGroup section */
		00F425EB209EAE49000B3155 /* Main.storyboard */ = {
			isa = PBXVariantGroup;
			children = (
				00F425EC209EAE49000B3155 /* Base */,
			);
			name = Main.storyboard;
			sourceTree = "<group>";
		};
		00F425F0209EAE49000B3155 /* LaunchScreen.storyboard */ = {
			isa = PBXVariantGroup;
			children = (
				00F425F1209EAE49000B3155 /* Base */,
			);
			name = LaunchScreen.storyboard;
			sourceTree = "<group>";
		};
/* End PBXVariantGroup section */

/* Begin XCBuildConfiguration section */
		00F425F4209EAE49000B3155 /* Debug */ = {
			isa = XCBuildConfiguration;
			buildSettings = {
				ALWAYS_SEARCH_USER_PATHS = NO;
				CLANG_ANALYZER_NONNULL = YES;
				CLANG_ANALYZER_NUMBER_OBJECT_CONVERSION = YES_AGGRESSIVE;
				CLANG_CXX_LANGUAGE_STANDARD = "gnu++0x";
				CLANG_CXX_LIBRARY = "libc++";
				CLANG_ENABLE_MODULES = YES;
				CLANG_ENABLE_OBJC_ARC = YES;
				CLANG_WARN_BOOL_CONVERSION = YES;
				CLANG_WARN_CONSTANT_CONVERSION = YES;
				CLANG_WARN_DIRECT_OBJC_ISA_USAGE = YES_ERROR;
				CLANG_WARN_DOCUMENTATION_COMMENTS = YES;
				CLANG_WARN_EMPTY_BODY = YES;
				CLANG_WARN_ENUM_CONVERSION = YES;
				CLANG_WARN_INFINITE_RECURSION = YES;
				CLANG_WARN_INT_CONVERSION = YES;
				CLANG_WARN_OBJC_ROOT_CLASS = YES_ERROR;
				CLANG_WARN_SUSPICIOUS_MOVE = YES;
				CLANG_WARN_UNREACHABLE_CODE = YES;
				CLANG_WARN__DUPLICATE_METHOD_MATCH = YES;
				"CODE_SIGN_IDENTITY[sdk=iphoneos*]" = "iPhone Developer";
				COPY_PHASE_STRIP = NO;
				DEBUG_INFORMATION_FORMAT = dwarf;
				ENABLE_STRICT_OBJC_MSGSEND = YES;
				ENABLE_TESTABILITY = YES;
				GCC_C_LANGUAGE_STANDARD = gnu99;
				GCC_DYNAMIC_NO_PIC = NO;
				GCC_NO_COMMON_BLOCKS = YES;
				GCC_OPTIMIZATION_LEVEL = 0;
				GCC_PREPROCESSOR_DEFINITIONS = (
					"DEBUG=1",
					"$(inherited)",
				);
				GCC_WARN_64_TO_32_BIT_CONVERSION = YES;
				GCC_WARN_ABOUT_RETURN_TYPE = YES_ERROR;
				GCC_WARN_UNDECLARED_SELECTOR = YES;
				GCC_WARN_UNINITIALIZED_AUTOS = YES_AGGRESSIVE;
				GCC_WARN_UNUSED_FUNCTION = YES;
				GCC_WARN_UNUSED_VARIABLE = YES;
				IPHONEOS_DEPLOYMENT_TARGET = 10.3;
				MTL_ENABLE_DEBUG_INFO = YES;
				ONLY_ACTIVE_ARCH = YES;
				SDKROOT = iphoneos;
				SWIFT_ACTIVE_COMPILATION_CONDITIONS = DEBUG;
				SWIFT_OPTIMIZATION_LEVEL = "-Onone";
				TARGETED_DEVICE_FAMILY = "1,2";
			};
			name = Debug;
		};
		00F425F5209EAE49000B3155 /* Release */ = {
			isa = XCBuildConfiguration;
			buildSettings = {
				ALWAYS_SEARCH_USER_PATHS = NO;
				CLANG_ANALYZER_NONNULL = YES;
				CLANG_ANALYZER_NUMBER_OBJECT_CONVERSION = YES_AGGRESSIVE;
				CLANG_CXX_LANGUAGE_STANDARD = "gnu++0x";
				CLANG_CXX_LIBRARY = "libc++";
				CLANG_ENABLE_MODULES = YES;
				CLANG_ENABLE_OBJC_ARC = YES;
				CLANG_WARN_BOOL_CONVERSION = YES;
				CLANG_WARN_CONSTANT_CONVERSION = YES;
				CLANG_WARN_DIRECT_OBJC_ISA_USAGE = YES_ERROR;
				CLANG_WARN_DOCUMENTATION_COMMENTS = YES;
				CLANG_WARN_EMPTY_BODY = YES;
				CLANG_WARN_ENUM_CONVERSION = YES;
				CLANG_WARN_INFINITE_RECURSION = YES;
				CLANG_WARN_INT_CONVERSION = YES;
				CLANG_WARN_OBJC_ROOT_CLASS = YES_ERROR;
				CLANG_WARN_SUSPICIOUS_MOVE = YES;
				CLANG_WARN_UNREACHABLE_CODE = YES;
				CLANG_WARN__DUPLICATE_METHOD_MATCH = YES;
				"CODE_SIGN_IDENTITY[sdk=iphoneos*]" = "iPhone Developer";
				COPY_PHASE_STRIP = NO;
				DEBUG_INFORMATION_FORMAT = "dwarf-with-dsym";
				ENABLE_NS_ASSERTIONS = NO;
				ENABLE_STRICT_OBJC_MSGSEND = YES;
				GCC_C_LANGUAGE_STANDARD = gnu99;
				GCC_NO_COMMON_BLOCKS = YES;
				GCC_WARN_64_TO_32_BIT_CONVERSION = YES;
				GCC_WARN_ABOUT_RETURN_TYPE = YES_ERROR;
				GCC_WARN_UNDECLARED_SELECTOR = YES;
				GCC_WARN_UNINITIALIZED_AUTOS = YES_AGGRESSIVE;
				GCC_WARN_UNUSED_FUNCTION = YES;
				GCC_WARN_UNUSED_VARIABLE = YES;
				IPHONEOS_DEPLOYMENT_TARGET = 10.3;
				MTL_ENABLE_DEBUG_INFO = NO;
				SDKROOT = iphoneos;
				SWIFT_OPTIMIZATION_LEVEL = "-Owholemodule";
				TARGETED_DEVICE_FAMILY = "1,2";
				VALIDATE_PRODUCT = YES;
			};
			name = Release;
		};
		00F425F7209EAE49000B3155 /* Debug */ = {
			isa = XCBuildConfiguration;
			buildSettings = {
				ASSETCATALOG_COMPILER_APPICON_NAME = AppIcon;
				INFOPLIST_FILE = av/Info.plist;
				LD_RUNPATH_SEARCH_PATHS = "$(inherited) @executable_path/Frameworks";
				PRODUCT_BUNDLE_IDENTIFIER = com.xyz.av;
				PRODUCT_NAME = "$(TARGET_NAME)";
				SWIFT_VERSION = 3.0;
			};
			name = Debug;
		};
		00F425F8209EAE49000B3155 /* Release */ = {
			isa = XCBuildConfiguration;
			buildSettings = {
				ASSETCATALOG_COMPILER_APPICON_NAME = AppIcon;
				INFOPLIST_FILE = av/Info.plist;
				LD_RUNPATH_SEARCH_PATHS = "$(inherited) @executable_path/Frameworks";
				PRODUCT_BUNDLE_IDENTIFIER = com.xyz.av;
				PRODUCT_NAME = "$(TARGET_NAME)";
				SWIFT_VERSION = 3.0;
			};
			name = Release;
		};
/* End XCBuildConfiguration section */

/* Begin XCConfigurationList section */
		00F425DF209EAE49000B3155 /* Build configuration list for PBXProject "av" */ = {
			isa = XCConfigurationList;
			buildConfigurations = (
				00F425F4209EAE49000B3155 /* Debug */,
				00F425F5209EAE49000B3155 /* Release */,
			);
			defaultConfigurationIsVisible = 0;
			defaultConfigurationName = Release;
		};
		00F425F6209EAE49000B3155 /* Build configuration list for PBXNativeTarget "av" */ = {
			isa = XCConfigurationList;
			buildConfigurations = (
				00F425F7209EAE49000B3155 /* Debug */,
				00F425F8209EAE49000B3155 /* Release */,
			);
			defaultConfigurationIsVisible = 0;
		};
/* End XCConfigurationList section */
	};
	rootObject = 00F425DC209EAE49000B3155 /* Project object */;
}
