// !$*UTF8*$!
{
	archiveVersion = 1;
	classes = {
	};
	objectVersion = 46;
	objects = {

/* Begin PBXBuildFile section */
		00F45EB12095EA1A004AB273 /* AppDelegate.swift in Sources */ = {isa = PBXBuildFile; fileRef = 00F45EB02095EA1A004AB273 /* AppDelegate.swift */; };
		00F45EB32095EA1A004AB273 /* ViewController.swift in Sources */ = {isa = PBXBuildFile; fileRef = 00F45EB22095EA1A004AB273 /* ViewController.swift */; };
		00F45EB62095EA1A004AB273 /* Main.storyboard in Resources */ = {isa = PBXBuildFile; fileRef = 00F45EB42095EA1A004AB273 /* Main.storyboard */; };
		00F45EB82095EA1A004AB273 /* Assets.xcassets in Resources */ = {isa = PBXBuildFile; fileRef = 00F45EB72095EA1A004AB273 /* Assets.xcassets */; };
		00F45EBB2095EA1A004AB273 /* LaunchScreen.storyboard in Resources */ = {isa = PBXBuildFile; fileRef = 00F45EB92095EA1A004AB273 /* LaunchScreen.storyboard */; };
/* End PBXBuildFile section */

/* Begin PBXFileReference section */
		00F45EAD2095EA1A004AB273 /* fire_notify.app */ = {isa = PBXFileReference; explicitFileType = wrapper.application; includeInIndex = 0; path = fire_notify.app; sourceTree = BUILT_PRODUCTS_DIR; };
		00F45EB02095EA1A004AB273 /* AppDelegate.swift */ = {isa = PBXFileReference; lastKnownFileType = sourcecode.swift; path = AppDelegate.swift; sourceTree = "<group>"; };
		00F45EB22095EA1A004AB273 /* ViewController.swift */ = {isa = PBXFileReference; lastKnownFileType = sourcecode.swift; path = ViewController.swift; sourceTree = "<group>"; };
		00F45EB52095EA1A004AB273 /* Base */ = {isa = PBXFileReference; lastKnownFileType = file.storyboard; name = Base; path = Base.lproj/Main.storyboard; sourceTree = "<group>"; };
		00F45EB72095EA1A004AB273 /* Assets.xcassets */ = {isa = PBXFileReference; lastKnownFileType = folder.assetcatalog; path = Assets.xcassets; sourceTree = "<group>"; };
		00F45EBA2095EA1A004AB273 /* Base */ = {isa = PBXFileReference; lastKnownFileType = file.storyboard; name = Base; path = Base.lproj/LaunchScreen.storyboard; sourceTree = "<group>"; };
		00F45EBC2095EA1A004AB273 /* Info.plist */ = {isa = PBXFileReference; lastKnownFileType = text.plist.xml; path = Info.plist; sourceTree = "<group>"; };
/* End PBXFileReference section */

/* Begin PBXFrameworksBuildPhase section */
		00F45EAA2095EA1A004AB273 /* Frameworks */ = {
			isa = PBXFrameworksBuildPhase;
			buildActionMask = 2147483647;
			files = (
			);
			runOnlyForDeploymentPostprocessing = 0;
		};
/* End PBXFrameworksBuildPhase section */

/* Begin PBXGroup section */
		00F45EA42095EA1A004AB273 = {
			isa = PBXGroup;
			children = (
				00F45EAF2095EA1A004AB273 /* fire_notify */,
				00F45EAE2095EA1A004AB273 /* Products */,
			);
			sourceTree = "<group>";
		};
		00F45EAE2095EA1A004AB273 /* Products */ = {
			isa = PBXGroup;
			children = (
				00F45EAD2095EA1A004AB273 /* fire_notify.app */,
			);
			name = Products;
			sourceTree = "<group>";
		};
		00F45EAF2095EA1A004AB273 /* fire_notify */ = {
			isa = PBXGroup;
			children = (
				00F45EB02095EA1A004AB273 /* AppDelegate.swift */,
				00F45EB22095EA1A004AB273 /* ViewController.swift */,
				00F45EB42095EA1A004AB273 /* Main.storyboard */,
				00F45EB72095EA1A004AB273 /* Assets.xcassets */,
				00F45EB92095EA1A004AB273 /* LaunchScreen.storyboard */,
				00F45EBC2095EA1A004AB273 /* Info.plist */,
			);
			path = fire_notify;
			sourceTree = "<group>";
		};
/* End PBXGroup section */

/* Begin PBXNativeTarget section */
		00F45EAC2095EA1A004AB273 /* fire_notify */ = {
			isa = PBXNativeTarget;
			buildConfigurationList = 00F45EBF2095EA1A004AB273 /* Build configuration list for PBXNativeTarget "fire_notify" */;
			buildPhases = (
				00F45EA92095EA1A004AB273 /* Sources */,
				00F45EAA2095EA1A004AB273 /* Frameworks */,
				00F45EAB2095EA1A004AB273 /* Resources */,
			);
			buildRules = (
			);
			dependencies = (
			);
			name = fire_notify;
			productName = fire_notify;
			productReference = 00F45EAD2095EA1A004AB273 /* fire_notify.app */;
			productType = "com.apple.product-type.application";
		};
/* End PBXNativeTarget section */

/* Begin PBXProject section */
		00F45EA52095EA1A004AB273 /* Project object */ = {
			isa = PBXProject;
			attributes = {
				LastSwiftUpdateCheck = 0830;
				LastUpgradeCheck = 0830;
				ORGANIZATIONNAME = "Amritha Manoharan";
				TargetAttributes = {
					00F45EAC2095EA1A004AB273 = {
						CreatedOnToolsVersion = 8.3;
						ProvisioningStyle = Automatic;
					};
				};
			};
			buildConfigurationList = 00F45EA82095EA1A004AB273 /* Build configuration list for PBXProject "fire_notify" */;
			compatibilityVersion = "Xcode 3.2";
			developmentRegion = English;
			hasScannedForEncodings = 0;
			knownRegions = (
				en,
				Base,
			);
			mainGroup = 00F45EA42095EA1A004AB273;
			productRefGroup = 00F45EAE2095EA1A004AB273 /* Products */;
			projectDirPath = "";
			projectRoot = "";
			targets = (
				00F45EAC2095EA1A004AB273 /* fire_notify */,
			);
		};
/* End PBXProject section */

/* Begin PBXResourcesBuildPhase section */
		00F45EAB2095EA1A004AB273 /* Resources */ = {
			isa = PBXResourcesBuildPhase;
			buildActionMask = 2147483647;
			files = (
				00F45EBB2095EA1A004AB273 /* LaunchScreen.storyboard in Resources */,
				00F45EB82095EA1A004AB273 /* Assets.xcassets in Resources */,
				00F45EB62095EA1A004AB273 /* Main.storyboard in Resources */,
			);
			runOnlyForDeploymentPostprocessing = 0;
		};
/* End PBXResourcesBuildPhase section */

/* Begin PBXSourcesBuildPhase section */
		00F45EA92095EA1A004AB273 /* Sources */ = {
			isa = PBXSourcesBuildPhase;
			buildActionMask = 2147483647;
			files = (
				00F45EB32095EA1A004AB273 /* ViewController.swift in Sources */,
				00F45EB12095EA1A004AB273 /* AppDelegate.swift in Sources */,
			);
			runOnlyForDeploymentPostprocessing = 0;
		};
/* End PBXSourcesBuildPhase section */

/* Begin PBXVariantGroup section */
		00F45EB42095EA1A004AB273 /* Main.storyboard */ = {
			isa = PBXVariantGroup;
			children = (
				00F45EB52095EA1A004AB273 /* Base */,
			);
			name = Main.storyboard;
			sourceTree = "<group>";
		};
		00F45EB92095EA1A004AB273 /* LaunchScreen.storyboard */ = {
			isa = PBXVariantGroup;
			children = (
				00F45EBA2095EA1A004AB273 /* Base */,
			);
			name = LaunchScreen.storyboard;
			sourceTree = "<group>";
		};
/* End PBXVariantGroup section */

/* Begin XCBuildConfiguration section */
		00F45EBD2095EA1A004AB273 /* Debug */ = {
			isa = XCBuildConfiguration;
			buildSettings = {
				ALWAYS_SEARCH_USER_PATHS = NO;
				CLANG_ANALYZER_NONNULL = YES;
				CLANG_ANALYZER_NUMBER_OBJECT_CONVERSION = YES_AGGRESSIVE;
				CLANG_CXX_LANGUAGE_STANDARD = "gnu++0x";
				CLANG_CXX_LIBRARY = "libc++";
				CLANG_ENABLE_MODULES = YES;
				CLANG_ENABLE_OBJC_ARC = YES;
				CLANG_WARN_BOOL_CONVERSION = YES;
				CLANG_WARN_CONSTANT_CONVERSION = YES;
				CLANG_WARN_DIRECT_OBJC_ISA_USAGE = YES_ERROR;
				CLANG_WARN_DOCUMENTATION_COMMENTS = YES;
				CLANG_WARN_EMPTY_BODY = YES;
				CLANG_WARN_ENUM_CONVERSION = YES;
				CLANG_WARN_INFINITE_RECURSION = YES;
				CLANG_WARN_INT_CONVERSION = YES;
				CLANG_WARN_OBJC_ROOT_CLASS = YES_ERROR;
				CLANG_WARN_SUSPICIOUS_MOVE = YES;
				CLANG_WARN_UNREACHABLE_CODE = YES;
				CLANG_WARN__DUPLICATE_METHOD_MATCH = YES;
				"CODE_SIGN_IDENTITY[sdk=iphoneos*]" = "iPhone Developer";
				COPY_PHASE_STRIP = NO;
				DEBUG_INFORMATION_FORMAT = dwarf;
				ENABLE_STRICT_OBJC_MSGSEND = YES;
				ENABLE_TESTABILITY = YES;
				GCC_C_LANGUAGE_STANDARD = gnu99;
				GCC_DYNAMIC_NO_PIC = NO;
				GCC_NO_COMMON_BLOCKS = YES;
				GCC_OPTIMIZATION_LEVEL = 0;
				GCC_PREPROCESSOR_DEFINITIONS = (
					"DEBUG=1",
					"$(inherited)",
				);
				GCC_WARN_64_TO_32_BIT_CONVERSION = YES;
				GCC_WARN_ABOUT_RETURN_TYPE = YES_ERROR;
				GCC_WARN_UNDECLARED_SELECTOR = YES;
				GCC_WARN_UNINITIALIZED_AUTOS = YES_AGGRESSIVE;
				GCC_WARN_UNUSED_FUNCTION = YES;
				GCC_WARN_UNUSED_VARIABLE = YES;
				IPHONEOS_DEPLOYMENT_TARGET = 10.3;
				MTL_ENABLE_DEBUG_INFO = YES;
				ONLY_ACTIVE_ARCH = YES;
				SDKROOT = iphoneos;
				SWIFT_ACTIVE_COMPILATION_CONDITIONS = DEBUG;
				SWIFT_OPTIMIZATION_LEVEL = "-Onone";
				TARGETED_DEVICE_FAMILY = "1,2";
			};
			name = Debug;
		};
		00F45EBE2095EA1A004AB273 /* Release */ = {
			isa = XCBuildConfiguration;
			buildSettings = {
				ALWAYS_SEARCH_USER_PATHS = NO;
				CLANG_ANALYZER_NONNULL = YES;
				CLANG_ANALYZER_NUMBER_OBJECT_CONVERSION = YES_AGGRESSIVE;
				CLANG_CXX_LANGUAGE_STANDARD = "gnu++0x";
				CLANG_CXX_LIBRARY = "libc++";
				CLANG_ENABLE_MODULES = YES;
				CLANG_ENABLE_OBJC_ARC = YES;
				CLANG_WARN_BOOL_CONVERSION = YES;
				CLANG_WARN_CONSTANT_CONVERSION = YES;
				CLANG_WARN_DIRECT_OBJC_ISA_USAGE = YES_ERROR;
				CLANG_WARN_DOCUMENTATION_COMMENTS = YES;
				CLANG_WARN_EMPTY_BODY = YES;
				CLANG_WARN_ENUM_CONVERSION = YES;
				CLANG_WARN_INFINITE_RECURSION = YES;
				CLANG_WARN_INT_CONVERSION = YES;
				CLANG_WARN_OBJC_ROOT_CLASS = YES_ERROR;
				CLANG_WARN_SUSPICIOUS_MOVE = YES;
				CLANG_WARN_UNREACHABLE_CODE = YES;
				CLANG_WARN__DUPLICATE_METHOD_MATCH = YES;
				"CODE_SIGN_IDENTITY[sdk=iphoneos*]" = "iPhone Developer";
				COPY_PHASE_STRIP = NO;
				DEBUG_INFORMATION_FORMAT = "dwarf-with-dsym";
				ENABLE_NS_ASSERTIONS = NO;
				ENABLE_STRICT_OBJC_MSGSEND = YES;
				GCC_C_LANGUAGE_STANDARD = gnu99;
				GCC_NO_COMMON_BLOCKS = YES;
				GCC_WARN_64_TO_32_BIT_CONVERSION = YES;
				GCC_WARN_ABOUT_RETURN_TYPE = YES_ERROR;
				GCC_WARN_UNDECLARED_SELECTOR = YES;
				GCC_WARN_UNINITIALIZED_AUTOS = YES_AGGRESSIVE;
				GCC_WARN_UNUSED_FUNCTION = YES;
				GCC_WARN_UNUSED_VARIABLE = YES;
				IPHONEOS_DEPLOYMENT_TARGET = 10.3;
				MTL_ENABLE_DEBUG_INFO = NO;
				SDKROOT = iphoneos;
				SWIFT_OPTIMIZATION_LEVEL = "-Owholemodule";
				TARGETED_DEVICE_FAMILY = "1,2";
				VALIDATE_PRODUCT = YES;
			};
			name = Release;
		};
		00F45EC02095EA1A004AB273 /* Debug */ = {
			isa = XCBuildConfiguration;
			buildSettings = {
				ASSETCATALOG_COMPILER_APPICON_NAME = AppIcon;
				INFOPLIST_FILE = fire_notify/Info.plist;
				LD_RUNPATH_SEARCH_PATHS = "$(inherited) @executable_path/Frameworks";
				PRODUCT_BUNDLE_IDENTIFIER = "com.xyz.fire-notify";
				PRODUCT_NAME = "$(TARGET_NAME)";
				SWIFT_VERSION = 3.0;
			};
			name = Debug;
		};
		00F45EC12095EA1A004AB273 /* Release */ = {
			isa = XCBuildConfiguration;
			buildSettings = {
				ASSETCATALOG_COMPILER_APPICON_NAME = AppIcon;
				INFOPLIST_FILE = fire_notify/Info.plist;
				LD_RUNPATH_SEARCH_PATHS = "$(inherited) @executable_path/Frameworks";
				PRODUCT_BUNDLE_IDENTIFIER = "com.xyz.fire-notify";
				PRODUCT_NAME = "$(TARGET_NAME)";
				SWIFT_VERSION = 3.0;
			};
			name = Release;
		};
/* End XCBuildConfiguration section */

/* Begin XCConfigurationList section */
		00F45EA82095EA1A004AB273 /* Build configuration list for PBXProject "fire_notify" */ = {
			isa = XCConfigurationList;
			buildConfigurations = (
				00F45EBD2095EA1A004AB273 /* Debug */,
				00F45EBE2095EA1A004AB273 /* Release */,
			);
			defaultConfigurationIsVisible = 0;
			defaultConfigurationName = Release;
		};
		00F45EBF2095EA1A004AB273 /* Build configuration list for PBXNativeTarget "fire_notify" */ = {
			isa = XCConfigurationList;
			buildConfigurations = (
				00F45EC02095EA1A004AB273 /* Debug */,
				00F45EC12095EA1A004AB273 /* Release */,
			);
			defaultConfigurationIsVisible = 0;
		};
/* End XCConfigurationList section */
	};
	rootObject = 00F45EA52095EA1A004AB273 /* Project object */;
}
